<Solution>
  <Project Path="ErweiterungsMethoden/ErweiterungsMethoden.csproj" Id="9bc72784-9d93-480a-aad5-84088212e472" />
  <Project Path="ExeptionAufgaben/ExeptionAufgaben.csproj" Id="3d293fb0-346f-4600-9baf-e0441e1584e5" />
  <Project Path="StringExtensionAufgaben/StringExtensionAufgaben.csproj" Id="5aec0bba-bf41-48b4-ade7-6b5a220b334d" />
  <Project Path="StringsDO8/StringsDO8.csproj" Id="42b61196-734b-4a4d-be05-8ca0d8d46185" />
  <Project Path="VertiefungCSharp/VertiefungCSharp.csproj" />
</Solution>
